<?xml version="1.0" encoding="utf-8"?>
<Project ToolsVersion="4.0" xmlns="http://schemas.microsoft.com/developer/msbuild/2003">
  <ItemGroup>
    <Filter Include="Source Files">
      <UniqueIdentifier>{4FC737F1-C7A5-4376-A066-2A32D752A2FF}</UniqueIdentifier>
      <Extensions>cpp;c;cc;cxx;c++;cppm;ixx;def;odl;idl;hpj;bat;asm;asmx</Extensions>
    </Filter>
    <Filter Include="Header Files">
      <UniqueIdentifier>{93995380-89BD-4b04-88EB-625FBE52EBFB}</UniqueIdentifier>
      <Extensions>h;hh;hpp;hxx;h++;hm;inl;inc;ipp;xsd</Extensions>
    </Filter>
    <Filter Include="Resource Files">
      <UniqueIdentifier>{67DA6AB6-F800-4c08-8B7A-83BB121AAD01}</UniqueIdentifier>
      <Extensions>rc;ico;cur;bmp;dlg;rc2;rct;bin;rgs;gif;jpg;jpeg;jpe;resx;tiff;tif;png;wav;mfcribbon-ms</Extensions>
    </Filter>
    <Filter Include="Source Files\GlobalClock">
      <UniqueIdentifier>{8f39b4f7-0441-4ca4-9ba4-d318ac205d5b}</UniqueIdentifier>
    </Filter>
    <Filter Include="Source Files\RandomGenerator">
      <UniqueIdentifier>{160d115a-36f8-4731-a1d7-193a6e6341bd}</UniqueIdentifier>
    </Filter>
    <Filter Include="Source Files\InputManager">
      <UniqueIdentifier>{53162b2f-dc99-46c7-b6d2-eafc67282a19}</UniqueIdentifier>
    </Filter>
    <Filter Include="Source Files\WindowManager">
      <UniqueIdentifier>{6e1f4fdd-1bb1-404a-b1c2-bae1cfb7e492}</UniqueIdentifier>
    </Filter>
    <Filter Include="Source Files\Game">
      <UniqueIdentifier>{4d13ffb9-c825-4bb4-b10a-583927c9411f}</UniqueIdentifier>
    </Filter>
    <Filter Include="Source Files\AssetManager">
      <UniqueIdentifier>{809df52f-826b-45a5-9663-bac35bb8684d}</UniqueIdentifier>
    </Filter>
    <Filter Include="Source Files\Renderer">
      <UniqueIdentifier>{d4c98f85-bb71-46b2-a796-7221fd66af94}</UniqueIdentifier>
    </Filter>
    <Filter Include="Source Files\Entity">
      <UniqueIdentifier>{adf74299-ee38-4db6-b8bb-11987de5b005}</UniqueIdentifier>
    </Filter>
    <Filter Include="Source Files\Entity\TexturableEntity">
      <UniqueIdentifier>{9c57c99e-2fd9-4fc2-8eef-016a0a8a8452}</UniqueIdentifier>
    </Filter>
    <Filter Include="Source Files\Entity\TextOnBackgroundEntity">
      <UniqueIdentifier>{51127ca6-7346-4c80-849e-24c8741d7ff8}</UniqueIdentifier>
    </Filter>
    <Filter Include="Source Files\Entity\TextEntity">
      <UniqueIdentifier>{3585f263-428f-4ecf-a031-c4110cd6fde6}</UniqueIdentifier>
    </Filter>
    <Filter Include="Source Files\Entity\DataBox">
      <UniqueIdentifier>{9ce3a114-3ca7-4042-9572-9aa8840c2068}</UniqueIdentifier>
    </Filter>
    <Filter Include="Source Files\Entity\Button">
      <UniqueIdentifier>{3de0889a-dfac-4613-bede-4a18a6178fb5}</UniqueIdentifier>
    </Filter>
    <Filter Include="Source Files\VisualInterface">
      <UniqueIdentifier>{38901881-cc01-4842-b1c6-040abd9be601}</UniqueIdentifier>
    </Filter>
    <Filter Include="Source Files\Client">
      <UniqueIdentifier>{898890d3-95b9-4056-8d91-7a3bb26946e2}</UniqueIdentifier>
    </Filter>
    <Filter Include="Source Files\Server">
      <UniqueIdentifier>{63e25fd5-8ecf-4be7-8016-4efafc848379}</UniqueIdentifier>
    </Filter>
  </ItemGroup>
  <ItemGroup>
    <ClCompile Include="source\main.cpp">
      <Filter>Source Files</Filter>
    </ClCompile>
    <ClCompile Include="source\GlobalClock\GlobalClock.cpp">
      <Filter>Source Files\GlobalClock</Filter>
    </ClCompile>
    <ClCompile Include="source\RandomGenerator\RandomGenerator.cpp">
      <Filter>Source Files\RandomGenerator</Filter>
    </ClCompile>
    <ClCompile Include="source\InputManager\InputManager.cpp">
      <Filter>Source Files\InputManager</Filter>
    </ClCompile>
    <ClCompile Include="source\WindowManager\WindowManager.cpp">
      <Filter>Source Files\WindowManager</Filter>
    </ClCompile>
    <ClCompile Include="source\Game\Game.cpp">
      <Filter>Source Files\Game</Filter>
    </ClCompile>
    <ClCompile Include="source\AssetManager\AssetManager.cpp">
      <Filter>Source Files\AssetManager</Filter>
    </ClCompile>
    <ClCompile Include="source\Renderer\Renderer.cpp">
      <Filter>Source Files\Renderer</Filter>
    </ClCompile>
    <ClCompile Include="source\Entity\Entity.cpp">
      <Filter>Source Files\Entity</Filter>
    </ClCompile>
    <ClCompile Include="source\Entity\TexturableEntity\TexturableEntity.cpp">
      <Filter>Source Files\Entity\TexturableEntity</Filter>
    </ClCompile>
    <ClCompile Include="source\Entity\TextEntity\TextEntity.cpp">
      <Filter>Source Files\Entity\TextEntity</Filter>
    </ClCompile>
    <ClCompile Include="source\Entity\TextOnBackgroundEntity\TextOnBackgroundEntity.cpp">
      <Filter>Source Files\Entity\TextOnBackgroundEntity</Filter>
    </ClCompile>
    <ClCompile Include="source\Entity\DataBox\DataBox.cpp">
      <Filter>Source Files\Entity\DataBox</Filter>
    </ClCompile>
    <ClCompile Include="source\Entity\Button\Button.cpp">
      <Filter>Source Files\Entity\Button</Filter>
    </ClCompile>
    <ClCompile Include="source\VisualInterface\VisualInterface.cpp">
      <Filter>Source Files\VisualInterface</Filter>
    </ClCompile>
    <ClCompile Include="source\Client\Client.cpp">
      <Filter>Source Files\Client</Filter>
    </ClCompile>
    <ClCompile Include="source\Server\Server.cpp">
      <Filter>Source Files\Server</Filter>
    </ClCompile>
  </ItemGroup>
  <ItemGroup>
    <ClInclude Include="source\GlobalClock\GlobalClock.h">
      <Filter>Source Files\GlobalClock</Filter>
    </ClInclude>
    <ClInclude Include="source\RandomGenerator\RandomGenerator.h">
      <Filter>Source Files\RandomGenerator</Filter>
    </ClInclude>
    <ClInclude Include="source\InputManager\InputManager.h">
      <Filter>Source Files\InputManager</Filter>
    </ClInclude>
    <ClInclude Include="source\WindowManager\WindowManager.h">
      <Filter>Source Files\WindowManager</Filter>
    </ClInclude>
    <ClInclude Include="source\Game\Game.h">
      <Filter>Source Files\Game</Filter>
    </ClInclude>
    <ClInclude Include="source\AssetManager\AssetManager.h">
      <Filter>Source Files\AssetManager</Filter>
    </ClInclude>
    <ClInclude Include="source\Renderer\Renderer.h">
      <Filter>Source Files\Renderer</Filter>
    </ClInclude>
    <ClInclude Include="source\Entity\Entity.h">
      <Filter>Source Files\Entity</Filter>
    </ClInclude>
    <ClInclude Include="source\Entity\TexturableEntity\TexturableEntity.h">
      <Filter>Source Files\Entity\TexturableEntity</Filter>
    </ClInclude>
    <ClInclude Include="source\Entity\TextEntity\TextEntity.h">
      <Filter>Source Files\Entity\TextEntity</Filter>
    </ClInclude>
    <ClInclude Include="source\Entity\TextOnBackgroundEntity\TextOnBackgroundEntity.h">
      <Filter>Source Files\Entity\TextOnBackgroundEntity</Filter>
    </ClInclude>
    <ClInclude Include="source\Entity\DataBox\DataBox.h">
      <Filter>Source Files\Entity\DataBox</Filter>
    </ClInclude>
    <ClInclude Include="source\Entity\Button\Button.h">
      <Filter>Source Files\Entity\Button</Filter>
    </ClInclude>
    <ClInclude Include="source\VisualInterface\VisualInterface.h">
      <Filter>Source Files\VisualInterface</Filter>
    </ClInclude>
    <ClInclude Include="source\Client\Client.h">
      <Filter>Source Files\Client</Filter>
    </ClInclude>
    <ClInclude Include="source\Server\Server.h">
      <Filter>Source Files\Server</Filter>
    </ClInclude>
  </ItemGroup>
</Project>